
Microsoft Visual Studio Solution File, Format Version 12.00
# Visual Studio Express 2012 for Windows Phone
Project("{FAE04EC0-301F-11D3-BF4B-00C04F79EFBC}") = "OnCallPanorama", "OnCallPanorama\OnCallPanorama.csproj", "{B4A2C2A5-6ABD-497B-AE16-48E914E30E6F}"
EndProject
Global
	GlobalSection(SolutionConfigurationPlatforms) = preSolution
		Debug|Any CPU = Debug|Any CPU
		Debug|ARM = Debug|ARM
		Debug|x86 = Debug|x86
		Release|Any CPU = Release|Any CPU
		Release|ARM = Release|ARM
		Release|x86 = Release|x86
	EndGlobalSection
	GlobalSection(ProjectConfigurationPlatforms) = postSolution
		{B4A2C2A5-6ABD-497B-AE16-48E914E30E6F}.Debug|Any CPU.ActiveCfg = Debug|Any CPU
		{B4A2C2A5-6ABD-497B-AE16-48E914E30E6F}.Debug|Any CPU.Build.0 = Debug|Any CPU
		{B4A2C2A5-6ABD-497B-AE16-48E914E30E6F}.Debug|Any CPU.Deploy.0 = Debug|Any CPU
		{B4A2C2A5-6ABD-497B-AE16-48E914E30E6F}.Debug|ARM.ActiveCfg = Debug|ARM
		{B4A2C2A5-6ABD-497B-AE16-48E914E30E6F}.Debug|ARM.Build.0 = Debug|ARM
		{B4A2C2A5-6ABD-497B-AE16-48E914E30E6F}.Debug|ARM.Deploy.0 = Debug|ARM
		{B4A2C2A5-6ABD-497B-AE16-48E914E30E6F}.Debug|x86.ActiveCfg = Debug|x86
		{B4A2C2A5-6ABD-497B-AE16-48E914E30E6F}.Debug|x86.Build.0 = Debug|x86
		{B4A2C2A5-6ABD-497B-AE16-48E914E30E6F}.Debug|x86.Deploy.0 = Debug|x86
		{B4A2C2A5-6ABD-497B-AE16-48E914E30E6F}.Release|Any CPU.ActiveCfg = Release|Any CPU
		{B4A2C2A5-6ABD-497B-AE16-48E914E30E6F}.Release|Any CPU.Build.0 = Release|Any CPU
		{B4A2C2A5-6ABD-497B-AE16-48E914E30E6F}.Release|Any CPU.Deploy.0 = Release|Any CPU
		{B4A2C2A5-6ABD-497B-AE16-48E914E30E6F}.Release|ARM.ActiveCfg = Release|ARM
		{B4A2C2A5-6ABD-497B-AE16-48E914E30E6F}.Release|ARM.Build.0 = Release|ARM
		{B4A2C2A5-6ABD-497B-AE16-48E914E30E6F}.Release|ARM.Deploy.0 = Release|ARM
		{B4A2C2A5-6ABD-497B-AE16-48E914E30E6F}.Release|x86.ActiveCfg = Release|x86
		{B4A2C2A5-6ABD-497B-AE16-48E914E30E6F}.Release|x86.Build.0 = Release|x86
		{B4A2C2A5-6ABD-497B-AE16-48E914E30E6F}.Release|x86.Deploy.0 = Release|x86
	EndGlobalSection
	GlobalSection(SolutionProperties) = preSolution
		HideSolutionNode = FALSE
	EndGlobalSection
EndGlobal
